{
  "name": "pdf-fill",
  "version": "1.0.0",
  "lockfileVersion": 1,
  "requires": true,
  "dependencies": {
    "nan": {
      "version": "2.14.1",
      "resolved": "https://registry.npmjs.org/nan/-/nan-2.14.1.tgz",
      "integrity": "sha512-isWHgVjnFjh2x2yuJ/tj3JbwoHu3UC2dX5G/88Cm24yB6YopVgxvBObDY7n5xW6ExmFhJpSEQqFPvq9zaXc8Jw=="
    },
    "pdf-fill-form": {
      "version": "5.0.1",
      "resolved": "https://registry.npmjs.org/pdf-fill-form/-/pdf-fill-form-5.0.1.tgz",
      "integrity": "sha512-SwBbnC84mxBv1ZUC4Uhgyuw9z3i0oUSNQDXni8I8P89rG8B5Qqh8FPLzm8les+D6iWrEoVBCj2ZQ0l9wqFaNuw==",
      "requires": {
        "nan": "^2.14.0"
      }
    }
  }
}
